
Microsoft Visual Studio Solution File, Format Version 12.00
# Visual Studio Version 16
VisualStudioVersion = 16.0.30711.63
MinimumVisualStudioVersion = 10.0.40219.1
Project("{FAE04EC0-301F-11D3-BF4B-00C04F79EFBC}") = "EchoBot1", "EchoBot1\EchoBot1.csproj", "{DC7D5344-74BA-4AE5-8184-9CB3416B1A6D}"
EndProject
Global
	GlobalSection(SolutionConfigurationPlatforms) = preSolution
		Debug|Any CPU = Debug|Any CPU
		Release|Any CPU = Release|Any CPU
	EndGlobalSection
	GlobalSection(ProjectConfigurationPlatforms) = postSolution
		{DC7D5344-74BA-4AE5-8184-9CB3416B1A6D}.Debug|Any CPU.ActiveCfg = Debug|Any CPU
		{DC7D5344-74BA-4AE5-8184-9CB3416B1A6D}.Debug|Any CPU.Build.0 = Debug|Any CPU
		{DC7D5344-74BA-4AE5-8184-9CB3416B1A6D}.Release|Any CPU.ActiveCfg = Release|Any CPU
		{DC7D5344-74BA-4AE5-8184-9CB3416B1A6D}.Release|Any CPU.Build.0 = Release|Any CPU
	EndGlobalSection
	GlobalSection(SolutionProperties) = preSolution
		HideSolutionNode = FALSE
	EndGlobalSection
	GlobalSection(ExtensibilityGlobals) = postSolution
		SolutionGuid = {E9AB6822-C96A-4FCE-AC3D-C91B3EB76B61}
	EndGlobalSection
EndGlobal
